{
  "version": 4,
  "terraform_version": "0.12.19",
  "serial": 91,
  "lineage": "71ba1635-4a1e-b0fe-92ce-1e7502ebde90",
  "outputs": {},
  "resources": [
    {
      "module": "module.k8s",
      "mode": "managed",
      "type": "google_container_cluster",
      "name": "cluster",
      "provider": "provider.google",
      "instances": [
        {
          "schema_version": 1,
          "attributes": {
            "additional_zones": [],
            "addons_config": [
              {
                "cloudrun_config": [],
                "horizontal_pod_autoscaling": [],
                "http_load_balancing": [],
                "kubernetes_dashboard": [],
                "network_policy_config": [
                  {
                    "disabled": true
                  }
                ]
              }
            ],
            "authenticator_groups_config": [],
            "cluster_autoscaling": [
              {
                "auto_provisioning_defaults": [],
                "enabled": false,
                "resource_limits": []
              }
            ],
            "cluster_ipv4_cidr": "10.20.0.0/14",
            "default_max_pods_per_node": null,
            "description": "",
            "enable_binary_authorization": false,
            "enable_intranode_visibility": null,
            "enable_kubernetes_alpha": false,
            "enable_legacy_abac": false,
            "enable_shielded_nodes": false,
            "enable_tpu": null,
            "endpoint": "35.204.146.156",
            "id": "projects/operating-realm-241007/locations/europe-west4-b/clusters/my-gke-cluster",
            "initial_node_count": 1,
            "instance_group_urls": [
              "https://www.googleapis.com/compute/v1/projects/operating-realm-241007/zones/europe-west4-b/instanceGroups/gke-my-gke-cluster-my-node-pool-e7a05e0c-grp"
            ],
            "ip_allocation_policy": [],
            "label_fingerprint": "a9dc16a7",
            "location": "europe-west4-b",
            "logging_service": "logging.googleapis.com/kubernetes",
            "maintenance_policy": [],
            "master_auth": [
              {
                "client_certificate": "",
                "client_certificate_config": [
                  {
                    "issue_client_certificate": false
                  }
                ],
                "client_key": "",
                "cluster_ca_certificate": "LS0tLS1CRUdJTiBDRVJUSUZJQ0FURS0tLS0tCk1JSURERENDQWZTZ0F3SUJBZ0lSQU1mSyttZjBLZDkrRDVhQmhGS0xTQll3RFFZSktvWklodmNOQVFFTEJRQXcKTHpFdE1Dc0dBMVVFQXhNa09UazBNRFptTnpRdE0yUmlZaTAwTlRrNExUazFNMlV0WW1WbFkyRmhNRFl3WkdZeQpNQjRYRFRJd01EWXlPREEzTkRjek5Wb1hEVEkxTURZeU56QTRORGN6TlZvd0x6RXRNQ3NHQTFVRUF4TWtPVGswCk1EWm1OelF0TTJSaVlpMDBOVGs0TFRrMU0yVXRZbVZsWTJGaE1EWXdaR1l5TUlJQklqQU5CZ2txaGtpRzl3MEIKQVFFRkFBT0NBUThBTUlJQkNnS0NBUUVBMDlkZUhUamZEY2xUckJOODF2VE1za3plQnByanlpS0hmam9BdFNrbgpSYkhJZEtxNmNjT2tnT05QOURMYktJT2loRGVEalJjQWpGWUc1SUd2bmRvSHdPOEJ3RERkbDJxd3Uyd0x6bnB6CmJwa1F5aWViMXlWUlRudnNwZDBqRzVoVnBwUGlqbUJXSUQwakVtT2JIRGpmNWxzOGtkT0ZzYU1IVjU5ZnpaWVkKeHJzZ1ljckV6K0pwT0l1b2RHd255SGxLT2J5K2ppMkRubGdYeUI1WVlYNStGK3JWVEc3QmVBRm5GN3BoT25YQgorbEx4aklVNW1YMndGdzFHMDZxcXhjZDJXUy81eTZRQ1VaU2lQRkxVMmRlWFNIT3NXd1picjNxbHpwYk9mR0ZjCi8wZ3RpWGo2TCtPc21CZVBUaXcwbmxnNFJRTDNsOGNBL2lCaE1BYVdBbjNEMVFJREFRQUJveU13SVRBT0JnTlYKSFE4QkFmOEVCQU1DQWdRd0R3WURWUjBUQVFIL0JBVXdBd0VCL3pBTkJna3Foa2lHOXcwQkFRc0ZBQU9DQVFFQQpwV0ZhbXFOSzFLTHIwOEZXNk94YUNhN3oxSXZsTzc2cWhjSmlQU3cyTDRYYUEzdk1YT1JtNC9obXNaWDBua3B6Cmh4TUZOK1lOL0t2ell4SnkwSHByM3F5V1FpektqNEQwZ0xaMVlHWXFzcTlWM2d0RWZ5enhvSHI0SHdCMi9nbDUKUnZhVEZYUzc3dU16a21CMWVwaEV3b0c0RlIrLzJxdTJ5d2pzL2hlZmpVd1h5Q1VzSDUwMzFodE5PZFJtdWozWQovMVp5eFZwOW43MzAyUTF6T1VxcWFIQ1l0WnZMdkJOcGV6bzFqLzhIajVXUmF0OE1tQmZ2Z3greC90WnR5MmlZCmRubUN4NnF2REpVVUFpUTB6eG5vTy9DbmRERGp6RUdRN0loZmR1SGJmenFjMGlobUVUdjFxT1MwT29KRTRzZUMKTjVIN3FOWVV0WlE4SUJ1U2RPUXp2dz09Ci0tLS0tRU5EIENFUlRJRklDQVRFLS0tLS0K",
                "password": "",
                "username": ""
              }
            ],
            "master_authorized_networks_config": [],
            "master_version": "1.14.10-gke.36",
            "min_master_version": null,
            "monitoring_service": "monitoring.googleapis.com/kubernetes",
            "name": "my-gke-cluster",
            "network": "projects/operating-realm-241007/global/networks/default",
            "network_policy": [
              {
                "enabled": false,
                "provider": "PROVIDER_UNSPECIFIED"
              }
            ],
            "node_config": [
              {
                "disk_size_gb": 100,
                "disk_type": "pd-standard",
                "guest_accelerator": [],
                "image_type": "COS",
                "labels": {},
                "local_ssd_count": 0,
                "machine_type": "n1-standard-1",
                "metadata": {
                  "disable-legacy-endpoints": "true"
                },
                "min_cpu_platform": "",
                "oauth_scopes": [
                  "https://www.googleapis.com/auth/devstorage.read_only",
                  "https://www.googleapis.com/auth/logging.write",
                  "https://www.googleapis.com/auth/monitoring"
                ],
                "preemptible": true,
                "sandbox_config": [],
                "service_account": "k8s-node@operating-realm-241007.iam.gserviceaccount.com",
                "shielded_instance_config": [
                  {
                    "enable_integrity_monitoring": true,
                    "enable_secure_boot": false
                  }
                ],
                "tags": [],
                "taint": [],
                "workload_metadata_config": []
              }
            ],
            "node_locations": [],
            "node_pool": [
              {
                "autoscaling": [],
                "initial_node_count": 1,
                "instance_group_urls": [
                  "https://www.googleapis.com/compute/v1/projects/operating-realm-241007/zones/europe-west4-b/instanceGroupManagers/gke-my-gke-cluster-my-node-pool-e7a05e0c-grp"
                ],
                "management": [
                  {
                    "auto_repair": true,
                    "auto_upgrade": true
                  }
                ],
                "max_pods_per_node": 0,
                "name": "my-node-pool",
                "name_prefix": "",
                "node_config": [
                  {
                    "disk_size_gb": 100,
                    "disk_type": "pd-standard",
                    "guest_accelerator": [],
                    "image_type": "COS",
                    "labels": {},
                    "local_ssd_count": 0,
                    "machine_type": "n1-standard-1",
                    "metadata": {
                      "disable-legacy-endpoints": "true"
                    },
                    "min_cpu_platform": "",
                    "oauth_scopes": [
                      "https://www.googleapis.com/auth/devstorage.read_only",
                      "https://www.googleapis.com/auth/logging.write",
                      "https://www.googleapis.com/auth/monitoring"
                    ],
                    "preemptible": true,
                    "sandbox_config": [],
                    "service_account": "k8s-node@operating-realm-241007.iam.gserviceaccount.com",
                    "shielded_instance_config": [
                      {
                        "enable_integrity_monitoring": true,
                        "enable_secure_boot": false
                      }
                    ],
                    "tags": [],
                    "taint": [],
                    "workload_metadata_config": []
                  }
                ],
                "node_count": 1,
                "node_locations": [
                  "europe-west4-b"
                ],
                "upgrade_settings": [
                  {
                    "max_surge": 1,
                    "max_unavailable": 0
                  }
                ],
                "version": "1.14.10-gke.36"
              }
            ],
            "node_version": "1.14.10-gke.36",
            "operation": null,
            "pod_security_policy_config": [],
            "private_cluster_config": [],
            "project": "operating-realm-241007",
            "region": null,
            "remove_default_node_pool": true,
            "resource_labels": {},
            "resource_usage_export_config": [],
            "services_ipv4_cidr": "10.23.240.0/20",
            "subnetwork": "projects/operating-realm-241007/regions/europe-west4/subnetworks/default",
            "timeouts": null,
            "vertical_pod_autoscaling": [],
            "workload_identity_config": [],
            "zone": null
          },
          "private": "eyJlMmJmYjczMC1lY2FhLTExZTYtOGY4OC0zNDM2M2JjN2M0YzAiOnsiY3JlYXRlIjoyNDAwMDAwMDAwMDAwLCJkZWxldGUiOjI0MDAwMDAwMDAwMDAsInJlYWQiOjI0MDAwMDAwMDAwMDAsInVwZGF0ZSI6MzYwMDAwMDAwMDAwMH0sInNjaGVtYV92ZXJzaW9uIjoiMSJ9"
        }
      ]
    }
  ]
}
