{
  "version": 4,
  "terraform_version": "0.12.19",
  "serial": 160,
  "lineage": "71ba1635-4a1e-b0fe-92ce-1e7502ebde90",
  "outputs": {
    "lb_ip_address": {
      "value": "34.107.231.104",
      "type": "string"
    },
    "lb_url": {
      "value": "https://lb.demo.stawik.at.",
      "type": "string"
    },
    "registry": {
      "value": "eu.artifacts.operating-realm-241007.appspot.com",
      "type": "string"
    }
  },
  "resources": [
    {
      "module": "module.git",
      "mode": "data",
      "type": "github_repository",
      "name": "repo",
      "provider": "provider.github",
      "instances": [
        {
          "schema_version": 0,
          "attributes": {
            "allow_merge_commit": true,
            "allow_rebase_merge": true,
            "allow_squash_merge": true,
            "archived": false,
            "default_branch": "master",
            "description": "This repository contains IaC code to setup a Kubernetes cluster with Terraform and perform canary releases using Istio and Flux/Flagger",
            "full_name": "hulk0301/gcp-kubernetes-canary-gitops-demo",
            "git_clone_url": "git://github.com/hulk0301/gcp-kubernetes-canary-gitops-demo.git",
            "has_downloads": true,
            "has_issues": true,
            "has_projects": null,
            "has_wiki": true,
            "homepage_url": "",
            "html_url": "https://github.com/hulk0301/gcp-kubernetes-canary-gitops-demo",
            "http_clone_url": "https://github.com/hulk0301/gcp-kubernetes-canary-gitops-demo.git",
            "id": "gcp-kubernetes-canary-gitops-demo",
            "name": "gcp-kubernetes-canary-gitops-demo",
            "private": false,
            "ssh_clone_url": "git@github.com:hulk0301/gcp-kubernetes-canary-gitops-demo.git",
            "svn_url": "https://github.com/hulk0301/gcp-kubernetes-canary-gitops-demo",
            "topics": []
          }
        }
      ]
    },
    {
      "mode": "data",
      "type": "google_client_config",
      "name": "default",
      "provider": "provider.google",
      "instances": [
        {
          "schema_version": 0,
          "attributes": {
            "access_token": "ya29.c.KpYB0QeXzN93DmGVoXei4maz27i9N7dGzDIvF9WM1okY5r_NG4DHxoKXUCmZ9ehWyK1TdgDJIaxgn1n0UdYoVOXPij-Gtf-1UW_oMeZY4IPLvrcM3LnsLgTOhla6yPrLw4nKTmQgUkC6CUaCT1xNrH5jgndgbL_MeV9ltaPslPW8vY4CeHchES1OrVzvo-lnARikEcIjzsCF",
            "id": "2020-06-29 08:06:12.0322184 +0000 UTC",
            "project": "operating-realm-241007",
            "region": "",
            "zone": ""
          }
        }
      ]
    },
    {
      "module": "module.dns",
      "mode": "data",
      "type": "google_dns_managed_zone",
      "name": "dns_zone",
      "provider": "provider.google",
      "instances": [
        {
          "schema_version": 0,
          "attributes": {
            "description": "",
            "dns_name": "stawik.at.",
            "id": "projects/operating-realm-241007/managedZones/stawik-zone",
            "name": "stawik-zone",
            "name_servers": [
              "ns-cloud-e1.googledomains.com.",
              "ns-cloud-e2.googledomains.com.",
              "ns-cloud-e3.googledomains.com.",
              "ns-cloud-e4.googledomains.com."
            ],
            "project": "operating-realm-241007",
            "visibility": "public"
          }
        }
      ]
    },
    {
      "module": "module.git",
      "mode": "managed",
      "type": "github_repository_deploy_key",
      "name": "write_deploy_key",
      "provider": "provider.github",
      "instances": [
        {
          "schema_version": 0,
          "attributes": {
            "etag": "W/\"d94c5de5d5e23591de17513ce5f5909c\"",
            "id": "gcp-kubernetes-canary-gitops-demo:44342294",
            "key": "ssh-rsa AAAAB3NzaC1yc2EAAAADAQABAAACAQCcBakyuHf8QPG4ZqAyvqA0/90cm4Lo0YzvtxdjXXCga/it0qYkEYBzFbgXOGWb/WYD/taWLKPLkjlSiwDAV0Op1ZMGlwBJ3XmZ2d6BuEtZn6fN5VsPF3tJD9+IUPJoCcAVWq0REEH+bwEilz005jQz0Ig+QzJRVeXO8mX7y7YTlzv/MbFFTpbmTBq9kf7z2o7shiQMX1z6Yzuq/LB4b+pSPQRIEZvQUj5FF07mLLZwIOXIPjax+kBU+0Hq5HtFuUimpDns9/xLzNhi1q9Ex75v2rhbZq07T4TsoHWDlODp035BMi2tHuH+GQXEOT1/TaOaMeXJ32TR+WZiG97oIgRhmWoRnAfiicMfV1c9GrcX3EmVJ9DOeZRNwPiHiCPUHyEJC7ogJuNp6NbWYEL7RDD7IN8IAiyFWwcg9EUSWCxu1EymdDi4TvMrAN5oVJ4l7ZsKFuV75fJeO/+BU45KNkRymHneItKirhToc1/feomVitsv/zj2z7jcE+2Qzq8ij3b5jf5CkqR/zlkPmL+cD7sjtrGuEOAQIZOh3J3W7Y4CE5UxRsa/sjN3t9Fox5zo0md3SpWCl9IaWN2KqzEayUO7ucN9QIUnj3NrUPTpY1ZG0q4J0iTiwDU4Sew7K4dntFzv+SrnxqchXdHdNr8BpCHi3IlsHznxM4CNZYIoEKqGQw==",
            "read_only": false,
            "repository": "gcp-kubernetes-canary-gitops-demo",
            "title": "Gitops deploy key"
          },
          "private": "bnVsbA==",
          "dependencies": [
            "module.flux.tls_private_key.flux"
          ]
        }
      ]
    },
    {
      "module": "module.dns",
      "mode": "managed",
      "type": "google_compute_global_address",
      "name": "lb_ip_address",
      "provider": "provider.google",
      "instances": [
        {
          "schema_version": 0,
          "attributes": {
            "address": "34.107.231.104",
            "address_type": "EXTERNAL",
            "creation_timestamp": "2020-06-29T00:52:09.167-07:00",
            "description": "",
            "id": "projects/operating-realm-241007/global/addresses/lb-ip-address",
            "ip_version": "",
            "name": "lb-ip-address",
            "network": "",
            "prefix_length": 0,
            "project": "operating-realm-241007",
            "purpose": "",
            "self_link": "https://www.googleapis.com/compute/v1/projects/operating-realm-241007/global/addresses/lb-ip-address",
            "timeouts": null
          },
          "private": "eyJlMmJmYjczMC1lY2FhLTExZTYtOGY4OC0zNDM2M2JjN2M0YzAiOnsiY3JlYXRlIjoyNDAwMDAwMDAwMDAsImRlbGV0ZSI6MjQwMDAwMDAwMDAwfX0="
        }
      ]
    },
    {
      "module": "module.k8s",
      "mode": "managed",
      "type": "google_container_cluster",
      "name": "cluster",
      "provider": "provider.google",
      "instances": [
        {
          "schema_version": 1,
          "attributes": {
            "additional_zones": [],
            "addons_config": [
              {
                "cloudrun_config": [],
                "horizontal_pod_autoscaling": [],
                "http_load_balancing": [],
                "kubernetes_dashboard": [],
                "network_policy_config": [
                  {
                    "disabled": true
                  }
                ]
              }
            ],
            "authenticator_groups_config": [],
            "cluster_autoscaling": [
              {
                "auto_provisioning_defaults": [],
                "enabled": false,
                "resource_limits": []
              }
            ],
            "cluster_ipv4_cidr": "10.20.0.0/14",
            "default_max_pods_per_node": null,
            "description": "",
            "enable_binary_authorization": false,
            "enable_intranode_visibility": null,
            "enable_kubernetes_alpha": false,
            "enable_legacy_abac": false,
            "enable_shielded_nodes": false,
            "enable_tpu": null,
            "endpoint": "34.91.180.168",
            "id": "projects/operating-realm-241007/locations/europe-west4-b/clusters/my-gke-cluster",
            "initial_node_count": 1,
            "instance_group_urls": [
              "https://www.googleapis.com/compute/v1/projects/operating-realm-241007/zones/europe-west4-b/instanceGroups/gke-my-gke-cluster-my-node-pool-4303fb1c-grp"
            ],
            "ip_allocation_policy": [],
            "label_fingerprint": "a9dc16a7",
            "location": "europe-west4-b",
            "logging_service": "logging.googleapis.com/kubernetes",
            "maintenance_policy": [],
            "master_auth": [
              {
                "client_certificate": "",
                "client_certificate_config": [
                  {
                    "issue_client_certificate": false
                  }
                ],
                "client_key": "",
                "cluster_ca_certificate": "LS0tLS1CRUdJTiBDRVJUSUZJQ0FURS0tLS0tCk1JSURDekNDQWZPZ0F3SUJBZ0lRSE1FRWZTdTErY2tjVHBSTXdKN2RuVEFOQmdrcWhraUc5dzBCQVFzRkFEQXYKTVMwd0t3WURWUVFERXlRelpURmlZVGN6WXkwd01USTJMVFEyTkdFdE9XTXpZaTFtTXpObU5UWTBNVGxsWVdFdwpIaGNOTWpBd05qSTVNRFkxTWpBNVdoY05NalV3TmpJNE1EYzFNakE1V2pBdk1TMHdLd1lEVlFRREV5UXpaVEZpCllUY3pZeTB3TVRJMkxUUTJOR0V0T1dNellpMW1Nek5tTlRZME1UbGxZV0V3Z2dFaU1BMEdDU3FHU0liM0RRRUIKQVFVQUE0SUJEd0F3Z2dFS0FvSUJBUURaTEN6MUJaaGVTdGkxSU80K1U2YkpvazZNOFNLSS8yODVhYk9mL2EzaApma1N5Nmk0TTVRUGNBc0VRN3pEU09ReEsvTmlNZnozaFIrZ2hMdjJCSUZyUmJkK2xDQUFIWmVJd2UyMlZXazNZCjZmSTk1S3N4U2w0QmxldWoxVjEvV0xCMFZENUpFaU80amY1T21xQnVRTWUxV2RNc2FKb2pKQUt6K1J6SDY3VjMKbDMvZ3NoUmtIWWFXNmdtc0ZCVnZwUnpnK1ZmY3pUSEdDSEYvcVlCak51SmRiYzdLVEt0VmdrVk02Q09Zb2VKZQpnTUYvVzBEeUpRRjhvUWJNMSsrWmQ5U3dmYXl1OWp1TGZiVVNpaFNUYTBtWWJwRDlnMmRVbUdXZFU5M1JqQnJ5CjdtQ3Vta0VNK0VGenJHSEdUZUVpMlpIbXEwNVd0eGhyT3VhSFVaNHE5QlZ6QWdNQkFBR2pJekFoTUE0R0ExVWQKRHdFQi93UUVBd0lDQkRBUEJnTlZIUk1CQWY4RUJUQURBUUgvTUEwR0NTcUdTSWIzRFFFQkN3VUFBNElCQVFCSwoxM3F5SWlsNHVBUGx3L1MvUWZIM2RhaEZTaVFGRGkyekMvVEJVdzFPdGt3d0xnSkNxMUh1NFVJM1JpNGhFR3ZLCk9WMHRIb3oyV1ZTNG5LbWlmekIrUW0rR2NHRDJqZnFITzV2L1JOUk1vZ1YzTkV3MWh6RWo5R0Z4QnYyUlVuNWUKZFpRUENhRzhjZWNlWTUwdGg2eWE3K3RmT29xUFIzZ0Mwc3pPOWREMFRzL2c5QWdRbXBxUlZubmQyRHlrcGtoNwpONk13WnBxZGZhbjFONGN5aElHOXh1amk5ODBqeWlOUHJyM1ZRK1BsZXRPa0pPMVdTU3c4eDQ2TlZZdWFpYS80CjYwcWNQZlNNa0prNEhpTHdxem1ocTFpd0N1ejRtRFoxTm1mLy9EYlJIWVFOblpFNy81ajMwd3o0QlNnWUpKZm4KcnM2VVNTTHBTMEJWSDFpa1owc3kKLS0tLS1FTkQgQ0VSVElGSUNBVEUtLS0tLQo=",
                "password": "",
                "username": ""
              }
            ],
            "master_authorized_networks_config": [],
            "master_version": "1.14.10-gke.36",
            "min_master_version": null,
            "monitoring_service": "monitoring.googleapis.com/kubernetes",
            "name": "my-gke-cluster",
            "network": "projects/operating-realm-241007/global/networks/default",
            "network_policy": [
              {
                "enabled": false,
                "provider": "PROVIDER_UNSPECIFIED"
              }
            ],
            "node_config": [
              {
                "disk_size_gb": 100,
                "disk_type": "pd-standard",
                "guest_accelerator": [],
                "image_type": "COS",
                "labels": {},
                "local_ssd_count": 0,
                "machine_type": "n1-standard-1",
                "metadata": {
                  "disable-legacy-endpoints": "true"
                },
                "min_cpu_platform": "",
                "oauth_scopes": [
                  "https://www.googleapis.com/auth/devstorage.read_only",
                  "https://www.googleapis.com/auth/logging.write",
                  "https://www.googleapis.com/auth/monitoring"
                ],
                "preemptible": true,
                "sandbox_config": [],
                "service_account": "k8s-node@operating-realm-241007.iam.gserviceaccount.com",
                "shielded_instance_config": [
                  {
                    "enable_integrity_monitoring": true,
                    "enable_secure_boot": false
                  }
                ],
                "tags": [],
                "taint": [],
                "workload_metadata_config": []
              }
            ],
            "node_locations": [],
            "node_pool": [
              {
                "autoscaling": [],
                "initial_node_count": 1,
                "instance_group_urls": [
                  "https://www.googleapis.com/compute/v1/projects/operating-realm-241007/zones/europe-west4-b/instanceGroupManagers/gke-my-gke-cluster-my-node-pool-4303fb1c-grp"
                ],
                "management": [
                  {
                    "auto_repair": true,
                    "auto_upgrade": true
                  }
                ],
                "max_pods_per_node": 0,
                "name": "my-node-pool",
                "name_prefix": "",
                "node_config": [
                  {
                    "disk_size_gb": 100,
                    "disk_type": "pd-standard",
                    "guest_accelerator": [],
                    "image_type": "COS",
                    "labels": {},
                    "local_ssd_count": 0,
                    "machine_type": "n1-standard-1",
                    "metadata": {
                      "disable-legacy-endpoints": "true"
                    },
                    "min_cpu_platform": "",
                    "oauth_scopes": [
                      "https://www.googleapis.com/auth/devstorage.read_only",
                      "https://www.googleapis.com/auth/logging.write",
                      "https://www.googleapis.com/auth/monitoring"
                    ],
                    "preemptible": true,
                    "sandbox_config": [],
                    "service_account": "k8s-node@operating-realm-241007.iam.gserviceaccount.com",
                    "shielded_instance_config": [
                      {
                        "enable_integrity_monitoring": true,
                        "enable_secure_boot": false
                      }
                    ],
                    "tags": [],
                    "taint": [],
                    "workload_metadata_config": []
                  }
                ],
                "node_count": 1,
                "node_locations": [
                  "europe-west4-b"
                ],
                "upgrade_settings": [
                  {
                    "max_surge": 1,
                    "max_unavailable": 0
                  }
                ],
                "version": "1.14.10-gke.36"
              }
            ],
            "node_version": "1.14.10-gke.36",
            "operation": null,
            "pod_security_policy_config": [],
            "private_cluster_config": [],
            "project": "operating-realm-241007",
            "region": null,
            "remove_default_node_pool": true,
            "resource_labels": {},
            "resource_usage_export_config": [],
            "services_ipv4_cidr": "10.23.240.0/20",
            "subnetwork": "projects/operating-realm-241007/regions/europe-west4/subnetworks/default",
            "timeouts": null,
            "vertical_pod_autoscaling": [],
            "workload_identity_config": [],
            "zone": null
          },
          "private": "eyJlMmJmYjczMC1lY2FhLTExZTYtOGY4OC0zNDM2M2JjN2M0YzAiOnsiY3JlYXRlIjoyNDAwMDAwMDAwMDAwLCJkZWxldGUiOjI0MDAwMDAwMDAwMDAsInJlYWQiOjI0MDAwMDAwMDAwMDAsInVwZGF0ZSI6MzYwMDAwMDAwMDAwMH0sInNjaGVtYV92ZXJzaW9uIjoiMSJ9"
        }
      ]
    },
    {
      "module": "module.k8s",
      "mode": "managed",
      "type": "google_container_node_pool",
      "name": "preemptible_nodes",
      "provider": "provider.google",
      "instances": [
        {
          "schema_version": 1,
          "attributes": {
            "autoscaling": [],
            "cluster": "my-gke-cluster",
            "id": "projects/operating-realm-241007/locations/europe-west4-b/clusters/my-gke-cluster/nodePools/my-node-pool",
            "initial_node_count": 1,
            "instance_group_urls": [
              "https://www.googleapis.com/compute/v1/projects/operating-realm-241007/zones/europe-west4-b/instanceGroupManagers/gke-my-gke-cluster-my-node-pool-801e6eb0-grp"
            ],
            "location": "europe-west4-b",
            "management": [
              {
                "auto_repair": true,
                "auto_upgrade": true
              }
            ],
            "max_pods_per_node": null,
            "name": "my-node-pool",
            "name_prefix": "",
            "node_config": [
              {
                "disk_size_gb": 100,
                "disk_type": "pd-standard",
                "guest_accelerator": [],
                "image_type": "COS",
                "labels": {},
                "local_ssd_count": 0,
                "machine_type": "n1-standard-4",
                "metadata": {
                  "disable-legacy-endpoints": "true"
                },
                "min_cpu_platform": "",
                "oauth_scopes": [
                  "https://www.googleapis.com/auth/devstorage.read_only",
                  "https://www.googleapis.com/auth/logging.write",
                  "https://www.googleapis.com/auth/monitoring"
                ],
                "preemptible": true,
                "sandbox_config": [],
                "service_account": "k8s-node@operating-realm-241007.iam.gserviceaccount.com",
                "shielded_instance_config": [
                  {
                    "enable_integrity_monitoring": true,
                    "enable_secure_boot": false
                  }
                ],
                "tags": null,
                "taint": [],
                "workload_metadata_config": []
              }
            ],
            "node_count": 1,
            "node_locations": [
              "europe-west4-b"
            ],
            "project": "operating-realm-241007",
            "region": null,
            "timeouts": null,
            "upgrade_settings": [
              {
                "max_surge": 1,
                "max_unavailable": 0
              }
            ],
            "version": "1.14.10-gke.36",
            "zone": null
          },
          "private": "eyJlMmJmYjczMC1lY2FhLTExZTYtOGY4OC0zNDM2M2JjN2M0YzAiOnsiY3JlYXRlIjoxODAwMDAwMDAwMDAwLCJkZWxldGUiOjE4MDAwMDAwMDAwMDAsInVwZGF0ZSI6MTgwMDAwMDAwMDAwMH0sInNjaGVtYV92ZXJzaW9uIjoiMSJ9",
          "dependencies": [
            "module.k8s.google_container_cluster.cluster",
            "module.k8s.google_service_account.k8s_node"
          ]
        }
      ]
    },
    {
      "module": "module.k8s",
      "mode": "managed",
      "type": "google_container_registry",
      "name": "registry",
      "provider": "provider.google",
      "instances": [
        {
          "schema_version": 0,
          "attributes": {
            "bucket_self_link": "https://www.googleapis.com/storage/v1/b/eu.artifacts.operating-realm-241007.appspot.com",
            "id": "eu.artifacts.operating-realm-241007.appspot.com",
            "location": "EU",
            "project": null
          },
          "private": "bnVsbA=="
        }
      ]
    },
    {
      "module": "module.dns",
      "mode": "managed",
      "type": "google_dns_record_set",
      "name": "lb",
      "provider": "provider.google",
      "instances": [
        {
          "schema_version": 0,
          "attributes": {
            "id": "stawik-zone/lb.demo.stawik.at./A",
            "managed_zone": "stawik-zone",
            "name": "lb.demo.stawik.at.",
            "project": "operating-realm-241007",
            "rrdatas": [
              "34.107.231.104"
            ],
            "ttl": 300,
            "type": "A"
          },
          "private": "bnVsbA==",
          "dependencies": [
            "module.dns.google_compute_global_address.lb_ip_address"
          ]
        }
      ]
    },
    {
      "module": "module.k8s",
      "mode": "managed",
      "type": "google_project_iam_member",
      "name": "k8s_node_log_writer",
      "provider": "provider.google",
      "instances": [
        {
          "schema_version": 0,
          "attributes": {
            "etag": "BwWpNFZulYg=",
            "id": "operating-realm-241007/roles/logging.logWriter/serviceaccount:k8s-node@operating-realm-241007.iam.gserviceaccount.com",
            "member": "serviceAccount:k8s-node@operating-realm-241007.iam.gserviceaccount.com",
            "project": "operating-realm-241007",
            "role": "roles/logging.logWriter"
          },
          "private": "bnVsbA==",
          "dependencies": [
            "module.k8s.google_service_account.k8s_node"
          ]
        }
      ]
    },
    {
      "module": "module.k8s",
      "mode": "managed",
      "type": "google_project_iam_member",
      "name": "k8s_node_metric_writer",
      "provider": "provider.google",
      "instances": [
        {
          "schema_version": 0,
          "attributes": {
            "etag": "BwWpNFZulYg=",
            "id": "operating-realm-241007/roles/monitoring.metricWriter/serviceaccount:k8s-node@operating-realm-241007.iam.gserviceaccount.com",
            "member": "serviceAccount:k8s-node@operating-realm-241007.iam.gserviceaccount.com",
            "project": "operating-realm-241007",
            "role": "roles/monitoring.metricWriter"
          },
          "private": "bnVsbA==",
          "dependencies": [
            "module.k8s.google_service_account.k8s_node"
          ]
        }
      ]
    },
    {
      "module": "module.k8s",
      "mode": "managed",
      "type": "google_project_iam_member",
      "name": "k8s_node_monitoring_viewer",
      "provider": "provider.google",
      "instances": [
        {
          "schema_version": 0,
          "attributes": {
            "etag": "BwWpNFZulYg=",
            "id": "operating-realm-241007/roles/monitoring.viewer/serviceaccount:k8s-node@operating-realm-241007.iam.gserviceaccount.com",
            "member": "serviceAccount:k8s-node@operating-realm-241007.iam.gserviceaccount.com",
            "project": "operating-realm-241007",
            "role": "roles/monitoring.viewer"
          },
          "private": "bnVsbA==",
          "dependencies": [
            "module.k8s.google_service_account.k8s_node"
          ]
        }
      ]
    },
    {
      "module": "module.k8s",
      "mode": "managed",
      "type": "google_service_account",
      "name": "k8s_node",
      "provider": "provider.google",
      "instances": [
        {
          "schema_version": 0,
          "attributes": {
            "account_id": "k8s-node",
            "description": "",
            "display_name": "Kubernetes Node service Account",
            "email": "k8s-node@operating-realm-241007.iam.gserviceaccount.com",
            "id": "projects/operating-realm-241007/serviceAccounts/k8s-node@operating-realm-241007.iam.gserviceaccount.com",
            "name": "projects/operating-realm-241007/serviceAccounts/k8s-node@operating-realm-241007.iam.gserviceaccount.com",
            "project": "operating-realm-241007",
            "timeouts": null,
            "unique_id": "104100054807944121974"
          },
          "private": "eyJlMmJmYjczMC1lY2FhLTExZTYtOGY4OC0zNDM2M2JjN2M0YzAiOnsiY3JlYXRlIjozMDAwMDAwMDAwMDB9fQ=="
        }
      ]
    },
    {
      "module": "module.k8s",
      "mode": "managed",
      "type": "google_storage_bucket_iam_member",
      "name": "k8s-image-pull",
      "provider": "provider.google",
      "instances": [
        {
          "schema_version": 0,
          "attributes": {
            "bucket": "b/eu.artifacts.operating-realm-241007.appspot.com",
            "etag": "CAg=",
            "id": "b/eu.artifacts.operating-realm-241007.appspot.com/roles/storage.objectViewer/serviceaccount:k8s-node@operating-realm-241007.iam.gserviceaccount.com",
            "member": "serviceAccount:k8s-node@operating-realm-241007.iam.gserviceaccount.com",
            "role": "roles/storage.objectViewer"
          },
          "private": "bnVsbA==",
          "dependencies": [
            "module.k8s.google_container_registry.registry",
            "module.k8s.google_service_account.k8s_node"
          ]
        }
      ]
    },
    {
      "module": "module.flux",
      "mode": "managed",
      "type": "helm_release",
      "name": "flux",
      "provider": "provider.helm",
      "instances": [
        {
          "schema_version": 0,
          "attributes": {
            "atomic": false,
            "chart": "flux",
            "cleanup_on_fail": false,
            "create_namespace": false,
            "dependency_update": false,
            "description": null,
            "devel": null,
            "disable_crd_hooks": false,
            "disable_openapi_validation": false,
            "disable_webhooks": false,
            "force_update": false,
            "id": "fluxcd",
            "keyring": null,
            "lint": false,
            "max_history": 0,
            "metadata": [
              {
                "chart": "flux",
                "name": "fluxcd",
                "namespace": "gitops",
                "revision": 1,
                "values": "{\"crd\":{\"keep\":false},\"git\":{\"branch\":\"develop\",\"ciSkip\":true,\"path\":\"examples\",\"pollInterval\":\"1m\",\"secretName\":\"flux-git-deploy\",\"url\":\"git@github.com:hulk0301/gcp-kubernetes-canary-gitops-demo\"},\"logFormat\":\"json\",\"registry\":{\"rps\":80}}",
                "version": "1.3.0"
              }
            ],
            "name": "fluxcd",
            "namespace": "gitops",
            "postrender": [],
            "recreate_pods": false,
            "render_subchart_notes": true,
            "replace": false,
            "repository": "https://charts.fluxcd.io",
            "repository_ca_file": null,
            "repository_cert_file": null,
            "repository_key_file": null,
            "repository_password": null,
            "repository_username": null,
            "reset_values": false,
            "reuse_values": false,
            "set": [
              {
                "name": "crd.keep",
                "type": "",
                "value": "false"
              },
              {
                "name": "git.branch",
                "type": "",
                "value": "develop"
              },
              {
                "name": "git.ciSkip",
                "type": "",
                "value": "true"
              },
              {
                "name": "git.path",
                "type": "",
                "value": "examples"
              },
              {
                "name": "git.pollInterval",
                "type": "",
                "value": "1m"
              },
              {
                "name": "git.secretName",
                "type": "",
                "value": "flux-git-deploy"
              },
              {
                "name": "git.url",
                "type": "",
                "value": "git@github.com:hulk0301/gcp-kubernetes-canary-gitops-demo"
              },
              {
                "name": "logFormat",
                "type": "",
                "value": "json"
              },
              {
                "name": "registry.rps",
                "type": "",
                "value": "80"
              }
            ],
            "set_sensitive": [],
            "set_string": [],
            "skip_crds": false,
            "status": "deployed",
            "timeout": 300,
            "values": null,
            "verify": false,
            "version": "1.3.0",
            "wait": true
          },
          "private": "bnVsbA==",
          "dependencies": [
            "module.flux.kubernetes_namespace.gitops",
            "module.flux.kubernetes_secret.flux-git-deploy",
            "module.flux.tls_private_key.flux",
            "module.k8s.google_container_cluster.cluster"
          ]
        }
      ]
    },
    {
      "module": "module.flux",
      "mode": "managed",
      "type": "helm_release",
      "name": "helm-operator",
      "provider": "provider.helm",
      "instances": [
        {
          "schema_version": 0,
          "attributes": {
            "atomic": false,
            "chart": "helm-operator",
            "cleanup_on_fail": false,
            "create_namespace": false,
            "dependency_update": false,
            "description": null,
            "devel": null,
            "disable_crd_hooks": false,
            "disable_openapi_validation": false,
            "disable_webhooks": false,
            "force_update": false,
            "id": "helm-operator",
            "keyring": null,
            "lint": false,
            "max_history": 0,
            "metadata": [
              {
                "chart": "helm-operator",
                "name": "helm-operator",
                "namespace": "gitops",
                "revision": 1,
                "values": "{\"git\":{\"ssh\":{\"secretName\":\"flux-git-deploy\"}},\"helm\":{\"versions\":\"v3\"},\"logFormat\":\"json\"}",
                "version": "1.1.0"
              }
            ],
            "name": "helm-operator",
            "namespace": "gitops",
            "postrender": [],
            "recreate_pods": false,
            "render_subchart_notes": true,
            "replace": false,
            "repository": "https://charts.fluxcd.io",
            "repository_ca_file": null,
            "repository_cert_file": null,
            "repository_key_file": null,
            "repository_password": null,
            "repository_username": null,
            "reset_values": false,
            "reuse_values": false,
            "set": [
              {
                "name": "git.ssh.secretName",
                "type": "",
                "value": "flux-git-deploy"
              },
              {
                "name": "helm.versions",
                "type": "",
                "value": "v3"
              },
              {
                "name": "logFormat",
                "type": "",
                "value": "json"
              }
            ],
            "set_sensitive": [],
            "set_string": [],
            "skip_crds": false,
            "status": "deployed",
            "timeout": 300,
            "values": null,
            "verify": false,
            "version": "1.1.0",
            "wait": true
          },
          "private": "bnVsbA==",
          "dependencies": [
            "module.flux.kubernetes_namespace.gitops",
            "module.flux.kubernetes_secret.flux-git-deploy",
            "module.flux.tls_private_key.flux",
            "module.k8s.google_container_cluster.cluster"
          ]
        }
      ]
    },
    {
      "module": "module.flux",
      "mode": "managed",
      "type": "kubernetes_namespace",
      "name": "gitops",
      "provider": "provider.kubernetes",
      "instances": [
        {
          "schema_version": 0,
          "attributes": {
            "id": "gitops",
            "metadata": [
              {
                "annotations": {},
                "generate_name": "",
                "generation": 0,
                "labels": {},
                "name": "gitops",
                "resource_version": "1045",
                "self_link": "/api/v1/namespaces/gitops",
                "uid": "3943a947-b9de-11ea-8c05-42010aa40feb"
              }
            ],
            "timeouts": null
          },
          "private": "eyJlMmJmYjczMC1lY2FhLTExZTYtOGY4OC0zNDM2M2JjN2M0YzAiOnsiZGVsZXRlIjozMDAwMDAwMDAwMDB9fQ==",
          "dependencies": [
            "module.k8s.google_container_cluster.cluster"
          ]
        }
      ]
    },
    {
      "module": "module.flux",
      "mode": "managed",
      "type": "kubernetes_secret",
      "name": "flux-git-deploy",
      "provider": "provider.kubernetes",
      "instances": [
        {
          "schema_version": 0,
          "attributes": {
            "data": {
              "identity": "-----BEGIN RSA PRIVATE KEY-----\nMIIJJwIBAAKCAgEAnAWpMrh3/EDxuGagMr6gNP/dHJuC6NGM77cXY11woGv4rdKm\nJBGAcxW4Fzhlm/1mA/7Wliyjy5I5UosAwFdDqdWTBpcASd15mdnegbhLWZ+nzeVb\nDxd7SQ/fiFDyaAnAFVqtERBB/m8BIpc9NOY0M9CIPkMyUVXlzvJl+8u2E5c7/zGx\nRU6W5kwavZH+89qO7IYkDF9c+mM7qvyweG/qUj0ESBGb0FI+RRdO5iy2cCDlyD42\nsfpAVPtB6uR7RblIpqQ57Pf8S8zYYtavRMe+b9q4W2atO0+E7KB1g5Tg6dN+QTIt\nrR7h/hkFxDk9f02jmjHlyd9k0flmYhve6CIEYZlqEZwH4onDH1dXPRq3F9xJlSfQ\nznmUTcD4h4gj1B8hCQu6ICbjaejW1mBC+0Qw+yDfCAIshVsHIPRFElgsbtRMpnQ4\nuE7zKwDeaFSeJe2bChble+XyXjv/gVOOSjZEcph53iLSoq4U6HNf33qJlYrbL/84\n9s+43BPtkM6vIo92+Y3+QpKkf85ZD5i/nA+7I7axrhDgECGTodyd1u2OAhOVMUbG\nv7Izd7fRaMec6NJnd0qVgpfSGljdiqsxGslDu7nDfUCFJ49za1D06WNWRtKuCdIk\n4sA1OEnsOyuHZ7Rc7/kq58anIV3R3Ta/AaQh4tyJbB858TOAjWWCKBCqhkMCAwEA\nAQKCAgBo9YX1kRNmp2n1W1S5znOIM/hTnmpapV3ihZE+T0XNJdWNWgBak0uOIDZP\nqKjyX22Zkn5ZWH54HE5jsQ84VXw3bG4UKNEQ3+VGEsMVER3flQAWCw1PAcT2Sa9e\nzNXGF4kY1H9I018SAysIUiXiyFql4MtG132qKdcHeRoSYeCDHWJHMu7GaTAqjVgP\n339cHNO5WiQ2DpFGACvLw2IUI3XHDTUsJmxjoHAzmpKBVeMFW5w5MWEqKefNQ5n8\nougq55JwSFqPh+Q6Ofv3weT2qEj8hm8vTcuL8trBNNDZS/ZiVtzAjzkbFYOCpOK0\nNq2gTmKZAKhNPfNdLiIqLgWus/Oth7pqGmVvyjGwQjmkxwE13F6pp002ytfSDd10\n4KaFfdZpt/mxGRMqynt+0Y070rNj8QXCj9PyyQEUjKZ1lJTrvzJpSH4g3AZkeFmv\nZG/i/wggpAXnf2QcUuVtPdgw3hAXCgSmP6oZuVQsKDERrb9PD9LURt7aPvrOIBuy\nE9dQA8dVoFfufK7XngLhGmlx72n7Rfm/TcRywmXz495wPizmjf+rk5/z3MMSr6fs\nxqDApTBnjb0OYk05fIMuIonjCb3l7Ktpa+WjxFnhE9gnh4GaEKRFSHHBk8YWm5fX\nVbdIRmDkVw7mB2BuDCHhs1ZvIpW240IPa/x2zv8E7cVNVAdmAQKCAQEAweLrWqAW\n9t7s+/+6V4Fres2du8yp3xdu7wG+WJ73GEd90+Kuk7qeQceR95b76u3TOXfkdBGT\ncdfpxMs8wyxW2W74NkNhy4/qFj5bziF1pfELzLOLGcBzakOEcsg+vP2zBGW8IPqj\nwcKaBl98q64rNW+oOy3rJudiqiPQtYUPh7RnAfyut3/8bq4OS1Pj6EW2GX7LjNSS\nXvqMwa+Wmc985/MzOIrlMqkMGd2lj7hFttsOQ7bDIQ9+1HkPlfnufy16sS0RIRrk\nqcQynAhUqVDf6bq0iMYA4F3IG6AUbTh1Fb9Tje1xJfTggKEV0HfQB1oczW6Ifm6d\nrGSoCmQnXZaIYwKCAQEAzgFm47aczFg4jwhQou/TsZawLPCwwB9VPbycgl7gQMzF\nnkvNEf8a6g3duCzTW8Z8MI5HDxDxRzp4pnhJ1cmCkIv3wnHGxstxmyfUyw4ig1Zh\ncSF52S5Fu5D40VHf3Wwo0+IOMYCEgDEzRawcNQAho/XXm5x7Y/I9ePet5D8wF3b8\nagRfGwfH0QtObew6ctQVNxEhLuAl4O1nXLGnPTs3w38Y7rfuZiMo2U2rQdkq5n5a\noyf6yZxO/+3fP3DVrkeWrVjWXRwJhEmBXypjxINHfrkj4VKPh0IsHjvgPht9bvLV\n7W2DIisjSzDKnvMNyqW3JF/y1FWBopM1sObwP2JAoQKCAQB9e05U/c0/AzIfOfew\n0IruFIskUyYRw4nBV8CIfIFxDjvqWQghhiMMcYwP0IDEIB2XUPfjAskJYfLisaJm\nspiW6pHsFJoDc+XNdZhXBSKuPh4j4oOBLCPGP2JGI0EvcYZdrzYdpfk72qVywHPg\nbL18PQKFIofRSul5MerOwAo4CtKr34x4KHYIb8/Cgs26svtS7tPwFleQ7tkQNYLj\nkvzE5Ypd6s7BhdTWHLQdGubLnGRUAMGy8ONlweALcZEgcB+68W7nnQ8mrFsQzvd0\nCWqRS4uyBWvlyexLrMPrmCF27Le34FddeGmf9iE3JYPWbkS70/C02wRi4VY8O2ua\nz2T/AoIBAByfkT4+l1bFQ0aMbzfUfuOD/oKgBs8LC3sCg/SRXjNiwGqYOawwd/rh\nZlc60ztDPuo4OqNbRUsSUsU+nXO5Bg0zhX9c87OXfPeD90sncaAyFmPztMx6Y3IG\nWKws5iAL8ThPho1WQBLXwzoBCgJLPGFdvVF/0p02gVgXge/e373C6JuKc/R7hkYD\nfihD1HM0CKaYGLY8qsav9dapUIVvfvYI6Nvybot+gyR+aDdEB3PzRoC5A12T/F4P\nHR/he681fzgiydYyGRhqZjFk4GvjmcF/0/5wzESM6zhgNW4rv6f00cilmLzcpZDC\n/MRNHTN1BxdkxYa/Qr3mGmW0ENmdu0ECggEAKUqpoYnefRgNeOXERt8U61KbBZx5\nBs2a6v1T1X+fblYKX8nLbKrybOoMWfVpenRicfjFK86KGN5RL0DzDafXy/QNo6qb\nmw/QViFDVSjsoRYBY3cdslQh/7/zs1oWb5IN1Dl21ooJqnqmHeqwaYyu9zbB5TaE\nbiU1FZnRoFrZFNjj1Rk8dT6Kob8so6L1t8OT93cHxEorgUuVjiuwiSCAJACH20I7\nn3yZ6YorJuAauh8o/+UnHPdNrFE/VJCyA07BrWUSL2eD5DuJZi5B3XyZFRvVsTnq\npWOkIkFcWTMc2kAvaZ071aM7+sUOo+hqNEcMo1Gmj13+zvZcn7oCpv+F+w==\n-----END RSA PRIVATE KEY-----\n"
            },
            "id": "gitops/flux-git-deploy",
            "metadata": [
              {
                "annotations": {},
                "generate_name": "",
                "generation": 0,
                "labels": {},
                "name": "flux-git-deploy",
                "namespace": "gitops",
                "resource_version": "1054",
                "self_link": "/api/v1/namespaces/gitops/secrets/flux-git-deploy",
                "uid": "395c2767-b9de-11ea-8c05-42010aa40feb"
              }
            ],
            "type": "Opaque"
          },
          "private": "bnVsbA==",
          "dependencies": [
            "module.flux.kubernetes_namespace.gitops",
            "module.flux.tls_private_key.flux",
            "module.k8s.google_container_cluster.cluster"
          ]
        }
      ]
    },
    {
      "module": "module.flux",
      "mode": "managed",
      "type": "tls_private_key",
      "name": "flux",
      "provider": "provider.tls",
      "instances": [
        {
          "schema_version": 0,
          "attributes": {
            "algorithm": "RSA",
            "ecdsa_curve": "P224",
            "id": "2d18725bce95c7f5597113139d5b75a81d9b7665",
            "private_key_pem": "-----BEGIN RSA PRIVATE KEY-----\nMIIJJwIBAAKCAgEAnAWpMrh3/EDxuGagMr6gNP/dHJuC6NGM77cXY11woGv4rdKm\nJBGAcxW4Fzhlm/1mA/7Wliyjy5I5UosAwFdDqdWTBpcASd15mdnegbhLWZ+nzeVb\nDxd7SQ/fiFDyaAnAFVqtERBB/m8BIpc9NOY0M9CIPkMyUVXlzvJl+8u2E5c7/zGx\nRU6W5kwavZH+89qO7IYkDF9c+mM7qvyweG/qUj0ESBGb0FI+RRdO5iy2cCDlyD42\nsfpAVPtB6uR7RblIpqQ57Pf8S8zYYtavRMe+b9q4W2atO0+E7KB1g5Tg6dN+QTIt\nrR7h/hkFxDk9f02jmjHlyd9k0flmYhve6CIEYZlqEZwH4onDH1dXPRq3F9xJlSfQ\nznmUTcD4h4gj1B8hCQu6ICbjaejW1mBC+0Qw+yDfCAIshVsHIPRFElgsbtRMpnQ4\nuE7zKwDeaFSeJe2bChble+XyXjv/gVOOSjZEcph53iLSoq4U6HNf33qJlYrbL/84\n9s+43BPtkM6vIo92+Y3+QpKkf85ZD5i/nA+7I7axrhDgECGTodyd1u2OAhOVMUbG\nv7Izd7fRaMec6NJnd0qVgpfSGljdiqsxGslDu7nDfUCFJ49za1D06WNWRtKuCdIk\n4sA1OEnsOyuHZ7Rc7/kq58anIV3R3Ta/AaQh4tyJbB858TOAjWWCKBCqhkMCAwEA\nAQKCAgBo9YX1kRNmp2n1W1S5znOIM/hTnmpapV3ihZE+T0XNJdWNWgBak0uOIDZP\nqKjyX22Zkn5ZWH54HE5jsQ84VXw3bG4UKNEQ3+VGEsMVER3flQAWCw1PAcT2Sa9e\nzNXGF4kY1H9I018SAysIUiXiyFql4MtG132qKdcHeRoSYeCDHWJHMu7GaTAqjVgP\n339cHNO5WiQ2DpFGACvLw2IUI3XHDTUsJmxjoHAzmpKBVeMFW5w5MWEqKefNQ5n8\nougq55JwSFqPh+Q6Ofv3weT2qEj8hm8vTcuL8trBNNDZS/ZiVtzAjzkbFYOCpOK0\nNq2gTmKZAKhNPfNdLiIqLgWus/Oth7pqGmVvyjGwQjmkxwE13F6pp002ytfSDd10\n4KaFfdZpt/mxGRMqynt+0Y070rNj8QXCj9PyyQEUjKZ1lJTrvzJpSH4g3AZkeFmv\nZG/i/wggpAXnf2QcUuVtPdgw3hAXCgSmP6oZuVQsKDERrb9PD9LURt7aPvrOIBuy\nE9dQA8dVoFfufK7XngLhGmlx72n7Rfm/TcRywmXz495wPizmjf+rk5/z3MMSr6fs\nxqDApTBnjb0OYk05fIMuIonjCb3l7Ktpa+WjxFnhE9gnh4GaEKRFSHHBk8YWm5fX\nVbdIRmDkVw7mB2BuDCHhs1ZvIpW240IPa/x2zv8E7cVNVAdmAQKCAQEAweLrWqAW\n9t7s+/+6V4Fres2du8yp3xdu7wG+WJ73GEd90+Kuk7qeQceR95b76u3TOXfkdBGT\ncdfpxMs8wyxW2W74NkNhy4/qFj5bziF1pfELzLOLGcBzakOEcsg+vP2zBGW8IPqj\nwcKaBl98q64rNW+oOy3rJudiqiPQtYUPh7RnAfyut3/8bq4OS1Pj6EW2GX7LjNSS\nXvqMwa+Wmc985/MzOIrlMqkMGd2lj7hFttsOQ7bDIQ9+1HkPlfnufy16sS0RIRrk\nqcQynAhUqVDf6bq0iMYA4F3IG6AUbTh1Fb9Tje1xJfTggKEV0HfQB1oczW6Ifm6d\nrGSoCmQnXZaIYwKCAQEAzgFm47aczFg4jwhQou/TsZawLPCwwB9VPbycgl7gQMzF\nnkvNEf8a6g3duCzTW8Z8MI5HDxDxRzp4pnhJ1cmCkIv3wnHGxstxmyfUyw4ig1Zh\ncSF52S5Fu5D40VHf3Wwo0+IOMYCEgDEzRawcNQAho/XXm5x7Y/I9ePet5D8wF3b8\nagRfGwfH0QtObew6ctQVNxEhLuAl4O1nXLGnPTs3w38Y7rfuZiMo2U2rQdkq5n5a\noyf6yZxO/+3fP3DVrkeWrVjWXRwJhEmBXypjxINHfrkj4VKPh0IsHjvgPht9bvLV\n7W2DIisjSzDKnvMNyqW3JF/y1FWBopM1sObwP2JAoQKCAQB9e05U/c0/AzIfOfew\n0IruFIskUyYRw4nBV8CIfIFxDjvqWQghhiMMcYwP0IDEIB2XUPfjAskJYfLisaJm\nspiW6pHsFJoDc+XNdZhXBSKuPh4j4oOBLCPGP2JGI0EvcYZdrzYdpfk72qVywHPg\nbL18PQKFIofRSul5MerOwAo4CtKr34x4KHYIb8/Cgs26svtS7tPwFleQ7tkQNYLj\nkvzE5Ypd6s7BhdTWHLQdGubLnGRUAMGy8ONlweALcZEgcB+68W7nnQ8mrFsQzvd0\nCWqRS4uyBWvlyexLrMPrmCF27Le34FddeGmf9iE3JYPWbkS70/C02wRi4VY8O2ua\nz2T/AoIBAByfkT4+l1bFQ0aMbzfUfuOD/oKgBs8LC3sCg/SRXjNiwGqYOawwd/rh\nZlc60ztDPuo4OqNbRUsSUsU+nXO5Bg0zhX9c87OXfPeD90sncaAyFmPztMx6Y3IG\nWKws5iAL8ThPho1WQBLXwzoBCgJLPGFdvVF/0p02gVgXge/e373C6JuKc/R7hkYD\nfihD1HM0CKaYGLY8qsav9dapUIVvfvYI6Nvybot+gyR+aDdEB3PzRoC5A12T/F4P\nHR/he681fzgiydYyGRhqZjFk4GvjmcF/0/5wzESM6zhgNW4rv6f00cilmLzcpZDC\n/MRNHTN1BxdkxYa/Qr3mGmW0ENmdu0ECggEAKUqpoYnefRgNeOXERt8U61KbBZx5\nBs2a6v1T1X+fblYKX8nLbKrybOoMWfVpenRicfjFK86KGN5RL0DzDafXy/QNo6qb\nmw/QViFDVSjsoRYBY3cdslQh/7/zs1oWb5IN1Dl21ooJqnqmHeqwaYyu9zbB5TaE\nbiU1FZnRoFrZFNjj1Rk8dT6Kob8so6L1t8OT93cHxEorgUuVjiuwiSCAJACH20I7\nn3yZ6YorJuAauh8o/+UnHPdNrFE/VJCyA07BrWUSL2eD5DuJZi5B3XyZFRvVsTnq\npWOkIkFcWTMc2kAvaZ071aM7+sUOo+hqNEcMo1Gmj13+zvZcn7oCpv+F+w==\n-----END RSA PRIVATE KEY-----\n",
            "public_key_fingerprint_md5": "11:c5:df:04:88:fc:b2:2c:31:1e:de:f4:c6:d6:02:95",
            "public_key_openssh": "ssh-rsa AAAAB3NzaC1yc2EAAAADAQABAAACAQCcBakyuHf8QPG4ZqAyvqA0/90cm4Lo0YzvtxdjXXCga/it0qYkEYBzFbgXOGWb/WYD/taWLKPLkjlSiwDAV0Op1ZMGlwBJ3XmZ2d6BuEtZn6fN5VsPF3tJD9+IUPJoCcAVWq0REEH+bwEilz005jQz0Ig+QzJRVeXO8mX7y7YTlzv/MbFFTpbmTBq9kf7z2o7shiQMX1z6Yzuq/LB4b+pSPQRIEZvQUj5FF07mLLZwIOXIPjax+kBU+0Hq5HtFuUimpDns9/xLzNhi1q9Ex75v2rhbZq07T4TsoHWDlODp035BMi2tHuH+GQXEOT1/TaOaMeXJ32TR+WZiG97oIgRhmWoRnAfiicMfV1c9GrcX3EmVJ9DOeZRNwPiHiCPUHyEJC7ogJuNp6NbWYEL7RDD7IN8IAiyFWwcg9EUSWCxu1EymdDi4TvMrAN5oVJ4l7ZsKFuV75fJeO/+BU45KNkRymHneItKirhToc1/feomVitsv/zj2z7jcE+2Qzq8ij3b5jf5CkqR/zlkPmL+cD7sjtrGuEOAQIZOh3J3W7Y4CE5UxRsa/sjN3t9Fox5zo0md3SpWCl9IaWN2KqzEayUO7ucN9QIUnj3NrUPTpY1ZG0q4J0iTiwDU4Sew7K4dntFzv+SrnxqchXdHdNr8BpCHi3IlsHznxM4CNZYIoEKqGQw==\n",
            "public_key_pem": "-----BEGIN PUBLIC KEY-----\nMIICIjANBgkqhkiG9w0BAQEFAAOCAg8AMIICCgKCAgEAnAWpMrh3/EDxuGagMr6g\nNP/dHJuC6NGM77cXY11woGv4rdKmJBGAcxW4Fzhlm/1mA/7Wliyjy5I5UosAwFdD\nqdWTBpcASd15mdnegbhLWZ+nzeVbDxd7SQ/fiFDyaAnAFVqtERBB/m8BIpc9NOY0\nM9CIPkMyUVXlzvJl+8u2E5c7/zGxRU6W5kwavZH+89qO7IYkDF9c+mM7qvyweG/q\nUj0ESBGb0FI+RRdO5iy2cCDlyD42sfpAVPtB6uR7RblIpqQ57Pf8S8zYYtavRMe+\nb9q4W2atO0+E7KB1g5Tg6dN+QTItrR7h/hkFxDk9f02jmjHlyd9k0flmYhve6CIE\nYZlqEZwH4onDH1dXPRq3F9xJlSfQznmUTcD4h4gj1B8hCQu6ICbjaejW1mBC+0Qw\n+yDfCAIshVsHIPRFElgsbtRMpnQ4uE7zKwDeaFSeJe2bChble+XyXjv/gVOOSjZE\ncph53iLSoq4U6HNf33qJlYrbL/849s+43BPtkM6vIo92+Y3+QpKkf85ZD5i/nA+7\nI7axrhDgECGTodyd1u2OAhOVMUbGv7Izd7fRaMec6NJnd0qVgpfSGljdiqsxGslD\nu7nDfUCFJ49za1D06WNWRtKuCdIk4sA1OEnsOyuHZ7Rc7/kq58anIV3R3Ta/AaQh\n4tyJbB858TOAjWWCKBCqhkMCAwEAAQ==\n-----END PUBLIC KEY-----\n",
            "rsa_bits": 4096
          },
          "private": "bnVsbA=="
        }
      ]
    }
  ]
}
