{
  "version": 4,
  "terraform_version": "0.12.19",
  "serial": 45,
  "lineage": "71ba1635-4a1e-b0fe-92ce-1e7502ebde90",
  "outputs": {},
  "resources": [
    {
      "mode": "data",
      "type": "google_client_config",
      "name": "default",
      "provider": "provider.google",
      "instances": [
        {
          "schema_version": 0,
          "attributes": {
            "access_token": "ya29.c.KpYB0QcCWWhLiMvC67SDYVdmxuLTEh6UKMtxtyOOS4p4WAksLUgFnJYBQ4s1PkvO4kP5qoTnpPtDQsA6hvV862ps4iq-sIuK2DhGp9iz55aRWjS47Hgf1TvNtxlIYFU2eLAPirjJOH8LtPMVHhVjKlB0Un7ur03erHCZ6ZM4rG_oXfi1dzoCIR2t1rXiUxcUmOr1cnLovRX5",
            "id": "2020-06-26 18:58:41.7703027 +0000 UTC",
            "project": "operating-realm-241007",
            "region": "",
            "zone": ""
          }
        }
      ]
    },
    {
      "module": "module.k8s",
      "mode": "managed",
      "type": "google_container_cluster",
      "name": "cluster",
      "provider": "provider.google",
      "instances": [
        {
          "schema_version": 1,
          "attributes": {
            "additional_zones": [],
            "addons_config": [
              {
                "cloudrun_config": [],
                "horizontal_pod_autoscaling": [],
                "http_load_balancing": [],
                "kubernetes_dashboard": [],
                "network_policy_config": [
                  {
                    "disabled": true
                  }
                ]
              }
            ],
            "authenticator_groups_config": [],
            "cluster_autoscaling": [
              {
                "auto_provisioning_defaults": [],
                "enabled": false,
                "resource_limits": []
              }
            ],
            "cluster_ipv4_cidr": "10.20.0.0/14",
            "default_max_pods_per_node": null,
            "description": "",
            "enable_binary_authorization": false,
            "enable_intranode_visibility": null,
            "enable_kubernetes_alpha": false,
            "enable_legacy_abac": false,
            "enable_shielded_nodes": false,
            "enable_tpu": null,
            "endpoint": "35.204.128.210",
            "id": "projects/operating-realm-241007/locations/europe-west4-b/clusters/my-gke-cluster",
            "initial_node_count": 1,
            "instance_group_urls": [],
            "ip_allocation_policy": [],
            "label_fingerprint": "a9dc16a7",
            "location": "europe-west4-b",
            "logging_service": "logging.googleapis.com/kubernetes",
            "maintenance_policy": [],
            "master_auth": [
              {
                "client_certificate": "",
                "client_certificate_config": [
                  {
                    "issue_client_certificate": false
                  }
                ],
                "client_key": "",
                "cluster_ca_certificate": "LS0tLS1CRUdJTiBDRVJUSUZJQ0FURS0tLS0tCk1JSURERENDQWZTZ0F3SUJBZ0lSQVBpY1dtaCtVUTYzYUpqZW0ybFJuOEl3RFFZSktvWklodmNOQVFFTEJRQXcKTHpFdE1Dc0dBMVVFQXhNa05HUTVOamxsTVRRdE1EbGxPQzAwWW1aaUxUZ3lPR0l0WW1RNE5EUTNOekJqWVRkagpNQjRYRFRJd01EWXlOakUyTXpZMU1Wb1hEVEkxTURZeU5URTNNelkxTVZvd0x6RXRNQ3NHQTFVRUF4TWtOR1E1Ck5qbGxNVFF0TURsbE9DMDBZbVppTFRneU9HSXRZbVE0TkRRM056QmpZVGRqTUlJQklqQU5CZ2txaGtpRzl3MEIKQVFFRkFBT0NBUThBTUlJQkNnS0NBUUVBb1dqSjBucWs2YUEvRmgxeTZqQlNhOVRTK2Y0VWg4dS90dVplNWtqcQpsSThiSVMxVUlBazlPdWlVeSsvMnBieEJvdnZiRlRDRmoxcnNVVzZBU3R3VTlTZ1NIZWdoUjV5UXNaQUY1c2h0CndVTitXWjhzSFNPc2dkVm9wUnBrZ2dzSVdLVWxxcGVIVXBzUTY5UDBwZUprK3FON3p5SEpyWGJkMjJ3STlFb0gKSHcrTFYrbjhjeGFNL2lHVUNUMGdJNDdOcTZKYklKMlgrVkFoUzNIWnZkRFE2eHEvQ3MySXE5dEc4NmdWQWRvUgpQSllma3ZqUGRRamR4UmxnQ0lNQlYweUhuOXRMRnFQc3hXZWlMNFhHSDliSnFQTllmL3dCaUFEUWExOW4zZEQ5CitUdVY3aUE2MkQ0eU8ydFA5ZTlzTHZvSU5POTBVenVieFhydk45OW1TMEJxSFFJREFRQUJveU13SVRBT0JnTlYKSFE4QkFmOEVCQU1DQWdRd0R3WURWUjBUQVFIL0JBVXdBd0VCL3pBTkJna3Foa2lHOXcwQkFRc0ZBQU9DQVFFQQpHMmhDWVQ2OTBQZEw2Z0hCMklNNkUzR2QrWWw5QXpkQmFRcy8rK1lSRzE0L2pES0p1clRrSEhWYnhOaTVEY1d1ClRvcDMvM2VoSlU0dytZRWNIVGRKNU9DMjRVSklnVzVSR1pGRHBrZXlxRDZuMnJ0WUhoWDRLd2VsT3kvMTFMd24KQUovVmhTUkxUeHR5cTUyNFBBSHplRHVTT1duS3lBUFpXUm1PVEFidGh4RkhvWVpsZEZuMTNWRHNiMGQ2dm5YZgpuUTJqNnlGY1J3NWEvT0hxSE91N1c0V3lKQWRuc1ZaMzAwR2JNU0xiSm1TUDk4WUVaY1VHQVdWOFJaNG13d3E5ClUwc3FIRStpVjl6VW1IKzdkNVlZL2EyVUJiZ1E3V216S0xGbUk5OFVnaEpBaDRHc29XMXlrdkR6MldDVjYyY1kKaGtTbis5ZmVheGxBL1hZREd5STlWZz09Ci0tLS0tRU5EIENFUlRJRklDQVRFLS0tLS0K",
                "password": "",
                "username": ""
              }
            ],
            "master_authorized_networks_config": [],
            "master_version": "1.14.10-gke.36",
            "min_master_version": null,
            "monitoring_service": "monitoring.googleapis.com/kubernetes",
            "name": "my-gke-cluster",
            "network": "projects/operating-realm-241007/global/networks/default",
            "network_policy": [
              {
                "enabled": false,
                "provider": "PROVIDER_UNSPECIFIED"
              }
            ],
            "node_config": [],
            "node_locations": [],
            "node_pool": [],
            "node_version": "1.14.10-gke.36",
            "operation": null,
            "pod_security_policy_config": [],
            "private_cluster_config": [],
            "project": "operating-realm-241007",
            "region": null,
            "remove_default_node_pool": true,
            "resource_labels": {},
            "resource_usage_export_config": [],
            "services_ipv4_cidr": "10.23.240.0/20",
            "subnetwork": "projects/operating-realm-241007/regions/europe-west4/subnetworks/default",
            "timeouts": null,
            "vertical_pod_autoscaling": [],
            "workload_identity_config": [],
            "zone": null
          },
          "private": "eyJlMmJmYjczMC1lY2FhLTExZTYtOGY4OC0zNDM2M2JjN2M0YzAiOnsiY3JlYXRlIjoyNDAwMDAwMDAwMDAwLCJkZWxldGUiOjI0MDAwMDAwMDAwMDAsInJlYWQiOjI0MDAwMDAwMDAwMDAsInVwZGF0ZSI6MzYwMDAwMDAwMDAwMH0sInNjaGVtYV92ZXJzaW9uIjoiMSJ9"
        }
      ]
    },
    {
      "module": "module.flux",
      "mode": "managed",
      "type": "kubernetes_namespace",
      "name": "gitops",
      "provider": "provider.kubernetes",
      "instances": [
        {
          "schema_version": 0,
          "attributes": {
            "id": "gitops",
            "metadata": [
              {
                "annotations": {},
                "generate_name": "",
                "generation": 0,
                "labels": {},
                "name": "gitops",
                "resource_version": "12856",
                "self_link": "/api/v1/namespaces/gitops",
                "uid": "b5624dbe-b7da-11ea-aefd-42010aa4000c"
              }
            ],
            "timeouts": null
          }
        }
      ]
    }
  ]
}
